
Microsoft Visual Studio Solution File, Format Version 12.00
# Visual Studio 15
VisualStudioVersion = 15.0.27130.2024
MinimumVisualStudioVersion = 10.0.40219.1
Project("{FAE04EC0-301F-11D3-BF4B-00C04F79EFBC}") = "NModelsGenerator.Vsix", "src\NModelsGenerator.Vsix\NModelsGenerator.Vsix.csproj", "{4AAFB316-84BF-4FB3-9EAF-A99C5667C412}"
EndProject
Project("{FAE04EC0-301F-11D3-BF4B-00C04F79EFBC}") = "NModelsGenerator.Core", "src\NModelsGenerator.Core\NModelsGenerator.Core.csproj", "{C7D66E2E-442A-47A3-906E-218A4B3D9438}"
EndProject
Project("{FAE04EC0-301F-11D3-BF4B-00C04F79EFBC}") = "NModelsGenerator.DbPortal", "src\NModelsGenerator.DbPortal\NModelsGenerator.DbPortal.csproj", "{1C2E4BA9-12C1-4E00-9002-06DFF784887F}"
EndProject
Project("{FAE04EC0-301F-11D3-BF4B-00C04F79EFBC}") = "NModelsGenerator.Common", "src\NModelsGenerator.Common\NModelsGenerator.Common.csproj", "{F8E3BD0A-EF2C-4583-82BA-9781A7DD72C7}"
EndProject
Project("{FAE04EC0-301F-11D3-BF4B-00C04F79EFBC}") = "NModelsGenerator.Cli", "src\NModelsGenerator.Cli\NModelsGenerator.Cli.csproj", "{13825838-B7C2-40A0-8C78-A0779BCD78C6}"
EndProject
Global
	GlobalSection(SolutionConfigurationPlatforms) = preSolution
		Debug|Any CPU = Debug|Any CPU
		Release|Any CPU = Release|Any CPU
	EndGlobalSection
	GlobalSection(ProjectConfigurationPlatforms) = postSolution
		{4AAFB316-84BF-4FB3-9EAF-A99C5667C412}.Debug|Any CPU.ActiveCfg = Debug|Any CPU
		{4AAFB316-84BF-4FB3-9EAF-A99C5667C412}.Debug|Any CPU.Build.0 = Debug|Any CPU
		{4AAFB316-84BF-4FB3-9EAF-A99C5667C412}.Release|Any CPU.ActiveCfg = Release|Any CPU
		{4AAFB316-84BF-4FB3-9EAF-A99C5667C412}.Release|Any CPU.Build.0 = Release|Any CPU
		{C7D66E2E-442A-47A3-906E-218A4B3D9438}.Debug|Any CPU.ActiveCfg = Debug|Any CPU
		{C7D66E2E-442A-47A3-906E-218A4B3D9438}.Debug|Any CPU.Build.0 = Debug|Any CPU
		{C7D66E2E-442A-47A3-906E-218A4B3D9438}.Release|Any CPU.ActiveCfg = Release|Any CPU
		{C7D66E2E-442A-47A3-906E-218A4B3D9438}.Release|Any CPU.Build.0 = Release|Any CPU
		{1C2E4BA9-12C1-4E00-9002-06DFF784887F}.Debug|Any CPU.ActiveCfg = Debug|Any CPU
		{1C2E4BA9-12C1-4E00-9002-06DFF784887F}.Debug|Any CPU.Build.0 = Debug|Any CPU
		{1C2E4BA9-12C1-4E00-9002-06DFF784887F}.Release|Any CPU.ActiveCfg = Release|Any CPU
		{1C2E4BA9-12C1-4E00-9002-06DFF784887F}.Release|Any CPU.Build.0 = Release|Any CPU
		{F8E3BD0A-EF2C-4583-82BA-9781A7DD72C7}.Debug|Any CPU.ActiveCfg = Debug|Any CPU
		{F8E3BD0A-EF2C-4583-82BA-9781A7DD72C7}.Debug|Any CPU.Build.0 = Debug|Any CPU
		{F8E3BD0A-EF2C-4583-82BA-9781A7DD72C7}.Release|Any CPU.ActiveCfg = Release|Any CPU
		{F8E3BD0A-EF2C-4583-82BA-9781A7DD72C7}.Release|Any CPU.Build.0 = Release|Any CPU
		{13825838-B7C2-40A0-8C78-A0779BCD78C6}.Debug|Any CPU.ActiveCfg = Debug|Any CPU
		{13825838-B7C2-40A0-8C78-A0779BCD78C6}.Debug|Any CPU.Build.0 = Debug|Any CPU
		{13825838-B7C2-40A0-8C78-A0779BCD78C6}.Release|Any CPU.ActiveCfg = Release|Any CPU
		{13825838-B7C2-40A0-8C78-A0779BCD78C6}.Release|Any CPU.Build.0 = Release|Any CPU
	EndGlobalSection
	GlobalSection(SolutionProperties) = preSolution
		HideSolutionNode = FALSE
	EndGlobalSection
	GlobalSection(ExtensibilityGlobals) = postSolution
		SolutionGuid = {23CD24DD-B0DF-4A3C-ABD8-D20BCAC034AE}
	EndGlobalSection
EndGlobal
